
Microsoft Visual Studio Solution File, Format Version 12.00
# Visual Studio Version 17
VisualStudioVersion = 17.3.32901.215
MinimumVisualStudioVersion = 10.0.40219.1
Project("{9A19103F-16F7-4668-BE54-9A1E7A4F7556}") = "SharpToys.SequentialGuid", "SharpToys.SequentialGuid\SharpToys.SequentialGuid.csproj", "{4EA5D889-8BCE-4A81-BCA3-0A93A067AECB}"
EndProject
Project("{9A19103F-16F7-4668-BE54-9A1E7A4F7556}") = "SharpToys.SequentialGuid.Test", "SharpToys.SequentialGuid.Test\SharpToys.SequentialGuid.Test.csproj", "{0745F420-C163-4387-902D-5AE07BD18103}"
EndProject
Global
	GlobalSection(SolutionConfigurationPlatforms) = preSolution
		Debug|Any CPU = Debug|Any CPU
		Release|Any CPU = Release|Any CPU
	EndGlobalSection
	GlobalSection(ProjectConfigurationPlatforms) = postSolution
		{4EA5D889-8BCE-4A81-BCA3-0A93A067AECB}.Debug|Any CPU.ActiveCfg = Debug|Any CPU
		{4EA5D889-8BCE-4A81-BCA3-0A93A067AECB}.Debug|Any CPU.Build.0 = Debug|Any CPU
		{4EA5D889-8BCE-4A81-BCA3-0A93A067AECB}.Release|Any CPU.ActiveCfg = Release|Any CPU
		{4EA5D889-8BCE-4A81-BCA3-0A93A067AECB}.Release|Any CPU.Build.0 = Release|Any CPU
		{0745F420-C163-4387-902D-5AE07BD18103}.Debug|Any CPU.ActiveCfg = Debug|Any CPU
		{0745F420-C163-4387-902D-5AE07BD18103}.Debug|Any CPU.Build.0 = Debug|Any CPU
		{0745F420-C163-4387-902D-5AE07BD18103}.Release|Any CPU.ActiveCfg = Release|Any CPU
		{0745F420-C163-4387-902D-5AE07BD18103}.Release|Any CPU.Build.0 = Release|Any CPU
	EndGlobalSection
	GlobalSection(SolutionProperties) = preSolution
		HideSolutionNode = FALSE
	EndGlobalSection
	GlobalSection(ExtensibilityGlobals) = postSolution
		SolutionGuid = {ED0D1ACD-3222-4B3D-8B65-55AD0A45AD9F}
	EndGlobalSection
EndGlobal
